
Microsoft Visual Studio Solution File, Format Version 12.00
# Visual Studio 15
VisualStudioVersion = 15.0.27004.2005
MinimumVisualStudioVersion = 10.0.40219.1
Project("{FAE04EC0-301F-11D3-BF4B-00C04F79EFBC}") = "PortfolioWebsite", "PortfolioWebsite\PortfolioWebsite.csproj", "{D3675765-18E3-4EF9-A8B2-3060E68C19D6}"
EndProject
Global
	GlobalSection(SolutionConfigurationPlatforms) = preSolution
		Debug|Any CPU = Debug|Any CPU
		Release|Any CPU = Release|Any CPU
	EndGlobalSection
	GlobalSection(ProjectConfigurationPlatforms) = postSolution
		{D3675765-18E3-4EF9-A8B2-3060E68C19D6}.Debug|Any CPU.ActiveCfg = Debug|Any CPU
		{D3675765-18E3-4EF9-A8B2-3060E68C19D6}.Debug|Any CPU.Build.0 = Debug|Any CPU
		{D3675765-18E3-4EF9-A8B2-3060E68C19D6}.Release|Any CPU.ActiveCfg = Release|Any CPU
		{D3675765-18E3-4EF9-A8B2-3060E68C19D6}.Release|Any CPU.Build.0 = Release|Any CPU
	EndGlobalSection
	GlobalSection(SolutionProperties) = preSolution
		HideSolutionNode = FALSE
	EndGlobalSection
	GlobalSection(ExtensibilityGlobals) = postSolution
		SolutionGuid = {75AAB6A4-0E93-4BE8-84D5-9D77F7FB8839}
	EndGlobalSection
EndGlobal
